
Microsoft Visual Studio Solution File, Format Version 12.00
# Visual Studio Version 17
VisualStudioVersion = 17.2.32630.192
MinimumVisualStudioVersion = 10.0.40219.1
Project("{9A19103F-16F7-4668-BE54-9A1E7A4F7556}") = "LetrasBlog.Client", "Client\LetrasBlog.Client.csproj", "{FCB7E8C6-998D-403E-8B68-C0AAB3072E62}"
EndProject
Project("{9A19103F-16F7-4668-BE54-9A1E7A4F7556}") = "LetrasBlog.Server", "Server\LetrasBlog.Server.csproj", "{5646C25B-B69D-4C3C-9A58-F7F859E24365}"
EndProject
Project("{9A19103F-16F7-4668-BE54-9A1E7A4F7556}") = "LetrasBlog.Infraestructure", "Shared\LetrasBlog.Infraestructure.csproj", "{CC7BAE3A-70C9-487C-B363-894FC089D2DD}"
EndProject
Global
	GlobalSection(SolutionConfigurationPlatforms) = preSolution
		Debug|Any CPU = Debug|Any CPU
		Release|Any CPU = Release|Any CPU
	EndGlobalSection
	GlobalSection(ProjectConfigurationPlatforms) = postSolution
		{FCB7E8C6-998D-403E-8B68-C0AAB3072E62}.Debug|Any CPU.ActiveCfg = Debug|Any CPU
		{FCB7E8C6-998D-403E-8B68-C0AAB3072E62}.Debug|Any CPU.Build.0 = Debug|Any CPU
		{FCB7E8C6-998D-403E-8B68-C0AAB3072E62}.Release|Any CPU.ActiveCfg = Release|Any CPU
		{FCB7E8C6-998D-403E-8B68-C0AAB3072E62}.Release|Any CPU.Build.0 = Release|Any CPU
		{5646C25B-B69D-4C3C-9A58-F7F859E24365}.Debug|Any CPU.ActiveCfg = Debug|Any CPU
		{5646C25B-B69D-4C3C-9A58-F7F859E24365}.Debug|Any CPU.Build.0 = Debug|Any CPU
		{5646C25B-B69D-4C3C-9A58-F7F859E24365}.Release|Any CPU.ActiveCfg = Release|Any CPU
		{5646C25B-B69D-4C3C-9A58-F7F859E24365}.Release|Any CPU.Build.0 = Release|Any CPU
		{CC7BAE3A-70C9-487C-B363-894FC089D2DD}.Debug|Any CPU.ActiveCfg = Debug|Any CPU
		{CC7BAE3A-70C9-487C-B363-894FC089D2DD}.Debug|Any CPU.Build.0 = Debug|Any CPU
		{CC7BAE3A-70C9-487C-B363-894FC089D2DD}.Release|Any CPU.ActiveCfg = Release|Any CPU
		{CC7BAE3A-70C9-487C-B363-894FC089D2DD}.Release|Any CPU.Build.0 = Release|Any CPU
	EndGlobalSection
	GlobalSection(SolutionProperties) = preSolution
		HideSolutionNode = FALSE
	EndGlobalSection
	GlobalSection(ExtensibilityGlobals) = postSolution
		SolutionGuid = {FDC1C5A3-A0A9-4E54-A9D4-189EB92C4CC5}
	EndGlobalSection
EndGlobal
